
Microsoft Visual Studio Solution File, Format Version 12.00
# Visual Studio Version 17
VisualStudioVersion = 17.0.32112.339
MinimumVisualStudioVersion = 10.0.40219.1
Project("{9A19103F-16F7-4668-BE54-9A1E7A4F7556}") = "UniversityProgect", "UniversityProgect\UniversityProgect.csproj", "{32BABB3E-BB0B-487E-8C1C-9AE5A0DC48CA}"
EndProject
Project("{FAE04EC0-301F-11D3-BF4B-00C04F79EFBC}") = "TestUniversity", "TestUniversity\TestUniversity.csproj", "{5F4C2D1B-86B6-4D40-AB0F-B2DAADABF606}"
EndProject
Global
	GlobalSection(SolutionConfigurationPlatforms) = preSolution
		Debug|Any CPU = Debug|Any CPU
		Release|Any CPU = Release|Any CPU
	EndGlobalSection
	GlobalSection(ProjectConfigurationPlatforms) = postSolution
		{32BABB3E-BB0B-487E-8C1C-9AE5A0DC48CA}.Debug|Any CPU.ActiveCfg = Debug|Any CPU
		{32BABB3E-BB0B-487E-8C1C-9AE5A0DC48CA}.Debug|Any CPU.Build.0 = Debug|Any CPU
		{32BABB3E-BB0B-487E-8C1C-9AE5A0DC48CA}.Release|Any CPU.ActiveCfg = Release|Any CPU
		{32BABB3E-BB0B-487E-8C1C-9AE5A0DC48CA}.Release|Any CPU.Build.0 = Release|Any CPU
		{5F4C2D1B-86B6-4D40-AB0F-B2DAADABF606}.Debug|Any CPU.ActiveCfg = Debug|Any CPU
		{5F4C2D1B-86B6-4D40-AB0F-B2DAADABF606}.Debug|Any CPU.Build.0 = Debug|Any CPU
		{5F4C2D1B-86B6-4D40-AB0F-B2DAADABF606}.Release|Any CPU.ActiveCfg = Release|Any CPU
		{5F4C2D1B-86B6-4D40-AB0F-B2DAADABF606}.Release|Any CPU.Build.0 = Release|Any CPU
	EndGlobalSection
	GlobalSection(SolutionProperties) = preSolution
		HideSolutionNode = FALSE
	EndGlobalSection
	GlobalSection(ExtensibilityGlobals) = postSolution
		SolutionGuid = {5BBB83B4-61E3-4B02-9ABA-806C1F7DC2F7}
	EndGlobalSection
EndGlobal
